PODS:
  - camera (0.0.1):
    - Flutter
  - Flutter (1.0.0)
  - flutter_jpush (0.0.1):
    - Flutter
    - JPush
  - fluttertoast (0.0.2):
    - Flutter
  - image_picker (0.0.1):
    - Flutter
  - JCore (2.3.4)
  - JPush (3.3.6):
    - JCore (< 3.0.0, >= 2.0.0)
  - path_provider (0.0.1):
    - Flutter
  - shared_preferences (0.0.1):
    - Flutter
  - video_player (0.0.1):
    - Flutter

DEPENDENCIES:
  - camera (from `.symlinks/plugins/camera/ios`)
  - Flutter (from `Flutter`)
  - flutter_jpush (from `.symlinks/plugins/flutter_jpush/ios`)
  - fluttertoast (from `.symlinks/plugins/fluttertoast/ios`)
  - image_picker (from `.symlinks/plugins/image_picker/ios`)
  - path_provider (from `.symlinks/plugins/path_provider/ios`)
  - shared_preferences (from `.symlinks/plugins/shared_preferences/ios`)
  - video_player (from `.symlinks/plugins/video_player/ios`)

SPEC REPOS:
  trunk:
    - JCore
    - JPush

EXTERNAL SOURCES:
  camera:
    :path: ".symlinks/plugins/camera/ios"
  Flutter:
    :path: Flutter
  flutter_jpush:
    :path: ".symlinks/plugins/flutter_jpush/ios"
  fluttertoast:
    :path: ".symlinks/plugins/fluttertoast/ios"
  image_picker:
    :path: ".symlinks/plugins/image_picker/ios"
  path_provider:
    :path: ".symlinks/plugins/path_provider/ios"
  shared_preferences:
    :path: ".symlinks/plugins/shared_preferences/ios"
  video_player:
    :path: ".symlinks/plugins/video_player/ios"

SPEC CHECKSUMS:
  camera: a0ca5080336f7af47b88436e5e26da3dee5568f0
  Flutter: 0e3d915762c693b495b44d77113d4970485de6ec
  flutter_jpush: bb278c661136b2a2032e96ffc15bbce871d3fb02
  fluttertoast: b644586ef3b16f67fae9a1f8754cef6b2d6b634b
  image_picker: 9c3312491f862b28d21ecd8fdf0ee14e601b3f09
  JCore: 8aa29dc57ba3730dd9fe7544ce1a4e1cbe221135
  JPush: a401b946dcc76b37335422487201bc1ecc8dd296
  path_provider: abfe2b5c733d04e238b0d8691db0cfd63a27a93c
  shared_preferences: af6bfa751691cdc24be3045c43ec037377ada40d
  video_player: 9cc823b1d9da7e8427ee591e8438bfbcde500e6e

PODFILE CHECKSUM: aafe91acc616949ddb318b77800a7f51bffa2a4c

COCOAPODS: 1.9.2
